
Microsoft Visual Studio Solution File, Format Version 12.00
# Visual Studio 15
VisualStudioVersion = 15.0.28307.779
MinimumVisualStudioVersion = 10.0.40219.1
Project("{FAE04EC0-301F-11D3-BF4B-00C04F79EFBC}") = "T4Example", "T4Example\T4Example.csproj", "{DD46A3BB-7EFF-4CEF-82A2-F9AD243B61AE}"
EndProject
Global
	GlobalSection(SolutionConfigurationPlatforms) = preSolution
		Debug|Any CPU = Debug|Any CPU
		Release|Any CPU = Release|Any CPU
	EndGlobalSection
	GlobalSection(ProjectConfigurationPlatforms) = postSolution
		{DD46A3BB-7EFF-4CEF-82A2-F9AD243B61AE}.Debug|Any CPU.ActiveCfg = Debug|Any CPU
		{DD46A3BB-7EFF-4CEF-82A2-F9AD243B61AE}.Debug|Any CPU.Build.0 = Debug|Any CPU
		{DD46A3BB-7EFF-4CEF-82A2-F9AD243B61AE}.Release|Any CPU.ActiveCfg = Release|Any CPU
		{DD46A3BB-7EFF-4CEF-82A2-F9AD243B61AE}.Release|Any CPU.Build.0 = Release|Any CPU
	EndGlobalSection
	GlobalSection(SolutionProperties) = preSolution
		HideSolutionNode = FALSE
	EndGlobalSection
	GlobalSection(ExtensibilityGlobals) = postSolution
		SolutionGuid = {4D07CF9F-9BA3-4ECD-835D-57CE6E32C52D}
	EndGlobalSection
EndGlobal
